
Microsoft Visual Studio Solution File, Format Version 12.00
# Visual Studio Version 16
VisualStudioVersion = 16.0.31112.23
MinimumVisualStudioVersion = 10.0.40219.1
Project("{FAE04EC0-301F-11D3-BF4B-00C04F79EFBC}") = "RemotingServer", "RemotingServer\RemotingServer.csproj", "{8FE08A13-D0DF-4E56-A19F-1858BC4666D5}"
EndProject
Project("{FAE04EC0-301F-11D3-BF4B-00C04F79EFBC}") = "RemotingClient", "RemotingClient\RemotingClient.csproj", "{90ED78F7-0FFB-4D81-82AD-5BED5614C3B8}"
EndProject
Global
	GlobalSection(SolutionConfigurationPlatforms) = preSolution
		Debug|Any CPU = Debug|Any CPU
		Release|Any CPU = Release|Any CPU
	EndGlobalSection
	GlobalSection(ProjectConfigurationPlatforms) = postSolution
		{8FE08A13-D0DF-4E56-A19F-1858BC4666D5}.Debug|Any CPU.ActiveCfg = Debug|Any CPU
		{8FE08A13-D0DF-4E56-A19F-1858BC4666D5}.Debug|Any CPU.Build.0 = Debug|Any CPU
		{8FE08A13-D0DF-4E56-A19F-1858BC4666D5}.Release|Any CPU.ActiveCfg = Release|Any CPU
		{8FE08A13-D0DF-4E56-A19F-1858BC4666D5}.Release|Any CPU.Build.0 = Release|Any CPU
		{90ED78F7-0FFB-4D81-82AD-5BED5614C3B8}.Debug|Any CPU.ActiveCfg = Debug|Any CPU
		{90ED78F7-0FFB-4D81-82AD-5BED5614C3B8}.Debug|Any CPU.Build.0 = Debug|Any CPU
		{90ED78F7-0FFB-4D81-82AD-5BED5614C3B8}.Release|Any CPU.ActiveCfg = Release|Any CPU
		{90ED78F7-0FFB-4D81-82AD-5BED5614C3B8}.Release|Any CPU.Build.0 = Release|Any CPU
	EndGlobalSection
	GlobalSection(SolutionProperties) = preSolution
		HideSolutionNode = FALSE
	EndGlobalSection
	GlobalSection(ExtensibilityGlobals) = postSolution
		SolutionGuid = {C8320047-D939-49CF-8A09-9B2EC23362D6}
	EndGlobalSection
EndGlobal
